// !$*UTF8*$!
{
	archiveVersion = 1;
	classes = {
	};
	objectVersion = 55;
	objects = {

/* Begin PBXBuildFile section */
		2C2E7B2627970604005FFBBB /* Constants.swift in Sources */ = {isa = PBXBuildFile; fileRef = 2C2E7B2527970604005FFBBB /* Constants.swift */; };
		2C2E7B2827972C8F005FFBBB /* Array + Extension.swift in Sources */ = {isa = PBXBuildFile; fileRef = 2C2E7B2727972C8F005FFBBB /* Array + Extension.swift */; };
		2C404DEA2795B2B1008E96B3 /* SwiftyJSON in Frameworks */ = {isa = PBXBuildFile; productRef = 2C404DE92795B2B1008E96B3 /* SwiftyJSON */; };
		2C404DED2795B2B7008E96B3 /* Alamofire in Frameworks */ = {isa = PBXBuildFile; productRef = 2C404DEC2795B2B7008E96B3 /* Alamofire */; };
		2C404DEF2795B3A4008E96B3 /* APIService.swift in Sources */ = {isa = PBXBuildFile; fileRef = 2C404DEE2795B3A4008E96B3 /* APIService.swift */; };
		2C404DF22795B40E008E96B3 /* Hosts.swift in Sources */ = {isa = PBXBuildFile; fileRef = 2C404DF12795B40E008E96B3 /* Hosts.swift */; };
		2C627AEC27B6717F008F0547 /* ProgramItemView.swift in Sources */ = {isa = PBXBuildFile; fileRef = 2C627AEB27B6717F008F0547 /* ProgramItemView.swift */; };
		2C627AEE27B671A1008F0547 /* ChannelView.swift in Sources */ = {isa = PBXBuildFile; fileRef = 2C627AED27B671A1008F0547 /* ChannelView.swift */; };
		2C627AF027B671C0008F0547 /* TimeView.swift in Sources */ = {isa = PBXBuildFile; fileRef = 2C627AEF27B671C0008F0547 /* TimeView.swift */; };
		2C627AF227B67BF5008F0547 /* String + Extension.swift in Sources */ = {isa = PBXBuildFile; fileRef = 2C627AF127B67BF5008F0547 /* String + Extension.swift */; };
		2CDF74042795A36900DD200D /* TVChannelsSwiftUICombineApp.swift in Sources */ = {isa = PBXBuildFile; fileRef = 2CDF74032795A36900DD200D /* TVChannelsSwiftUICombineApp.swift */; };
		2CDF74082795A36B00DD200D /* Assets.xcassets in Resources */ = {isa = PBXBuildFile; fileRef = 2CDF74072795A36B00DD200D /* Assets.xcassets */; };
		2CDF740B2795A36B00DD200D /* Preview Assets.xcassets in Resources */ = {isa = PBXBuildFile; fileRef = 2CDF740A2795A36B00DD200D /* Preview Assets.xcassets */; };
		2CDF74122795A72B00DD200D /* TVProgramView.swift in Sources */ = {isa = PBXBuildFile; fileRef = 2CDF74112795A72B00DD200D /* TVProgramView.swift */; };
		2CDF74152795A76300DD200D /* ChannelsViewModel.swift in Sources */ = {isa = PBXBuildFile; fileRef = 2CDF74142795A76300DD200D /* ChannelsViewModel.swift */; };
		2CDF74182795A77C00DD200D /* ChannelsModel.swift in Sources */ = {isa = PBXBuildFile; fileRef = 2CDF74172795A77C00DD200D /* ChannelsModel.swift */; };
		2CDF741C2795A7B900DD200D /* DetailsView.swift in Sources */ = {isa = PBXBuildFile; fileRef = 2CDF741B2795A7B900DD200D /* DetailsView.swift */; };
/* End PBXBuildFile section */

/* Begin PBXFileReference section */
		2C2E7B2527970604005FFBBB /* Constants.swift */ = {isa = PBXFileReference; lastKnownFileType = sourcecode.swift; path = Constants.swift; sourceTree = "<group>"; };
		2C2E7B2727972C8F005FFBBB /* Array + Extension.swift */ = {isa = PBXFileReference; lastKnownFileType = sourcecode.swift; path = "Array + Extension.swift"; sourceTree = "<group>"; };
		2C404DEE2795B3A4008E96B3 /* APIService.swift */ = {isa = PBXFileReference; lastKnownFileType = sourcecode.swift; path = APIService.swift; sourceTree = "<group>"; };
		2C404DF12795B40E008E96B3 /* Hosts.swift */ = {isa = PBXFileReference; lastKnownFileType = sourcecode.swift; path = Hosts.swift; sourceTree = "<group>"; };
		2C627AEB27B6717F008F0547 /* ProgramItemView.swift */ = {isa = PBXFileReference; lastKnownFileType = sourcecode.swift; path = ProgramItemView.swift; sourceTree = "<group>"; };
		2C627AED27B671A1008F0547 /* ChannelView.swift */ = {isa = PBXFileReference; lastKnownFileType = sourcecode.swift; path = ChannelView.swift; sourceTree = "<group>"; };
		2C627AEF27B671C0008F0547 /* TimeView.swift */ = {isa = PBXFileReference; lastKnownFileType = sourcecode.swift; path = TimeView.swift; sourceTree = "<group>"; };
		2C627AF127B67BF5008F0547 /* String + Extension.swift */ = {isa = PBXFileReference; lastKnownFileType = sourcecode.swift; path = "String + Extension.swift"; sourceTree = "<group>"; };
		2CDF74002795A36900DD200D /* TVChannelsSwiftUICombine.app */ = {isa = PBXFileReference; explicitFileType = wrapper.application; includeInIndex = 0; path = TVChannelsSwiftUICombine.app; sourceTree = BUILT_PRODUCTS_DIR; };
		2CDF74032795A36900DD200D /* TVChannelsSwiftUICombineApp.swift */ = {isa = PBXFileReference; lastKnownFileType = sourcecode.swift; path = TVChannelsSwiftUICombineApp.swift; sourceTree = "<group>"; };
		2CDF74072795A36B00DD200D /* Assets.xcassets */ = {isa = PBXFileReference; lastKnownFileType = folder.assetcatalog; path = Assets.xcassets; sourceTree = "<group>"; };
		2CDF740A2795A36B00DD200D /* Preview Assets.xcassets */ = {isa = PBXFileReference; lastKnownFileType = folder.assetcatalog; path = "Preview Assets.xcassets"; sourceTree = "<group>"; };
		2CDF74112795A72B00DD200D /* TVProgramView.swift */ = {isa = PBXFileReference; lastKnownFileType = sourcecode.swift; path = TVProgramView.swift; sourceTree = "<group>"; };
		2CDF74142795A76300DD200D /* ChannelsViewModel.swift */ = {isa = PBXFileReference; lastKnownFileType = sourcecode.swift; path = ChannelsViewModel.swift; sourceTree = "<group>"; };
		2CDF74172795A77C00DD200D /* ChannelsModel.swift */ = {isa = PBXFileReference; lastKnownFileType = sourcecode.swift; path = ChannelsModel.swift; sourceTree = "<group>"; };
		2CDF741B2795A7B900DD200D /* DetailsView.swift */ = {isa = PBXFileReference; lastKnownFileType = sourcecode.swift; path = DetailsView.swift; sourceTree = "<group>"; };
/* End PBXFileReference section */

/* Begin PBXFrameworksBuildPhase section */
		2CDF73FD2795A36900DD200D /* Frameworks */ = {
			isa = PBXFrameworksBuildPhase;
			buildActionMask = 2147483647;
			files = (
				2C404DEA2795B2B1008E96B3 /* SwiftyJSON in Frameworks */,
				2C404DED2795B2B7008E96B3 /* Alamofire in Frameworks */,
			);
			runOnlyForDeploymentPostprocessing = 0;
		};
/* End PBXFrameworksBuildPhase section */

/* Begin PBXGroup section */
		2C2E7B2927972CAC005FFBBB /* Extensions */ = {
			isa = PBXGroup;
			children = (
				2C2E7B2727972C8F005FFBBB /* Array + Extension.swift */,
				2C627AF127B67BF5008F0547 /* String + Extension.swift */,
			);
			path = Extensions;
			sourceTree = "<group>";
		};
		2C404DF02795B3A8008E96B3 /* Services */ = {
			isa = PBXGroup;
			children = (
				2C404DEE2795B3A4008E96B3 /* APIService.swift */,
			);
			path = Services;
			sourceTree = "<group>";
		};
		2C404DF32795B413008E96B3 /* Helpers */ = {
			isa = PBXGroup;
			children = (
				2C404DF12795B40E008E96B3 /* Hosts.swift */,
				2C2E7B2527970604005FFBBB /* Constants.swift */,
			);
			path = Helpers;
			sourceTree = "<group>";
		};
		2CDF73F72795A36900DD200D = {
			isa = PBXGroup;
			children = (
				2CDF74022795A36900DD200D /* TVChannelsSwiftUICombine */,
				2CDF74012795A36900DD200D /* Products */,
			);
			sourceTree = "<group>";
		};
		2CDF74012795A36900DD200D /* Products */ = {
			isa = PBXGroup;
			children = (
				2CDF74002795A36900DD200D /* TVChannelsSwiftUICombine.app */,
			);
			name = Products;
			sourceTree = "<group>";
		};
		2CDF74022795A36900DD200D /* TVChannelsSwiftUICombine */ = {
			isa = PBXGroup;
			children = (
				2CDF74032795A36900DD200D /* TVChannelsSwiftUICombineApp.swift */,
				2CDF741A2795A78A00DD200D /* ChannelsModule */,
				2CDF74242795A7EF00DD200D /* DetailsModule */,
				2CDF74072795A36B00DD200D /* Assets.xcassets */,
				2C2E7B2927972CAC005FFBBB /* Extensions */,
				2C404DF32795B413008E96B3 /* Helpers */,
				2C404DF02795B3A8008E96B3 /* Services */,
				2CDF74092795A36B00DD200D /* Preview Content */,
			);
			path = TVChannelsSwiftUICombine;
			sourceTree = "<group>";
		};
		2CDF74092795A36B00DD200D /* Preview Content */ = {
			isa = PBXGroup;
			children = (
				2CDF740A2795A36B00DD200D /* Preview Assets.xcassets */,
			);
			path = "Preview Content";
			sourceTree = "<group>";
		};
		2CDF74132795A73000DD200D /* View */ = {
			isa = PBXGroup;
			children = (
				2CDF74112795A72B00DD200D /* TVProgramView.swift */,
				2C627AEB27B6717F008F0547 /* ProgramItemView.swift */,
				2C627AED27B671A1008F0547 /* ChannelView.swift */,
				2C627AEF27B671C0008F0547 /* TimeView.swift */,
			);
			path = View;
			sourceTree = "<group>";
		};
		2CDF74162795A76800DD200D /* ViewModel */ = {
			isa = PBXGroup;
			children = (
				2CDF74142795A76300DD200D /* ChannelsViewModel.swift */,
			);
			path = ViewModel;
			sourceTree = "<group>";
		};
		2CDF74192795A78000DD200D /* Model */ = {
			isa = PBXGroup;
			children = (
				2CDF74172795A77C00DD200D /* ChannelsModel.swift */,
			);
			path = Model;
			sourceTree = "<group>";
		};
		2CDF741A2795A78A00DD200D /* ChannelsModule */ = {
			isa = PBXGroup;
			children = (
				2CDF74192795A78000DD200D /* Model */,
				2CDF74162795A76800DD200D /* ViewModel */,
				2CDF74132795A73000DD200D /* View */,
			);
			path = ChannelsModule;
			sourceTree = "<group>";
		};
		2CDF74212795A7D400DD200D /* View */ = {
			isa = PBXGroup;
			children = (
				2CDF741B2795A7B900DD200D /* DetailsView.swift */,
			);
			path = View;
			sourceTree = "<group>";
		};
		2CDF74242795A7EF00DD200D /* DetailsModule */ = {
			isa = PBXGroup;
			children = (
				2CDF74212795A7D400DD200D /* View */,
			);
			path = DetailsModule;
			sourceTree = "<group>";
		};
/* End PBXGroup section */

/* Begin PBXNativeTarget section */
		2CDF73FF2795A36900DD200D /* TVChannelsSwiftUICombine */ = {
			isa = PBXNativeTarget;
			buildConfigurationList = 2CDF740E2795A36B00DD200D /* Build configuration list for PBXNativeTarget "TVChannelsSwiftUICombine" */;
			buildPhases = (
				2CDF73FC2795A36900DD200D /* Sources */,
				2CDF73FD2795A36900DD200D /* Frameworks */,
				2CDF73FE2795A36900DD200D /* Resources */,
			);
			buildRules = (
			);
			dependencies = (
			);
			name = TVChannelsSwiftUICombine;
			packageProductDependencies = (
				2C404DE92795B2B1008E96B3 /* SwiftyJSON */,
				2C404DEC2795B2B7008E96B3 /* Alamofire */,
			);
			productName = TVChannelsSwiftUICombine;
			productReference = 2CDF74002795A36900DD200D /* TVChannelsSwiftUICombine.app */;
			productType = "com.apple.product-type.application";
		};
/* End PBXNativeTarget section */

/* Begin PBXProject section */
		2CDF73F82795A36900DD200D /* Project object */ = {
			isa = PBXProject;
			attributes = {
				BuildIndependentTargetsInParallel = 1;
				LastSwiftUpdateCheck = 1310;
				LastUpgradeCheck = 1310;
				TargetAttributes = {
					2CDF73FF2795A36900DD200D = {
						CreatedOnToolsVersion = 13.1;
					};
				};
			};
			buildConfigurationList = 2CDF73FB2795A36900DD200D /* Build configuration list for PBXProject "TVChannelsSwiftUICombine" */;
			compatibilityVersion = "Xcode 13.0";
			developmentRegion = en;
			hasScannedForEncodings = 0;
			knownRegions = (
				en,
				Base,
			);
			mainGroup = 2CDF73F72795A36900DD200D;
			packageReferences = (
				2C404DE82795B2B1008E96B3 /* XCRemoteSwiftPackageReference "SwiftyJSON" */,
				2C404DEB2795B2B7008E96B3 /* XCRemoteSwiftPackageReference "Alamofire" */,
			);
			productRefGroup = 2CDF74012795A36900DD200D /* Products */;
			projectDirPath = "";
			projectRoot = "";
			targets = (
				2CDF73FF2795A36900DD200D /* TVChannelsSwiftUICombine */,
			);
		};
/* End PBXProject section */

/* Begin PBXResourcesBuildPhase section */
		2CDF73FE2795A36900DD200D /* Resources */ = {
			isa = PBXResourcesBuildPhase;
			buildActionMask = 2147483647;
			files = (
				2CDF740B2795A36B00DD200D /* Preview Assets.xcassets in Resources */,
				2CDF74082795A36B00DD200D /* Assets.xcassets in Resources */,
			);
			runOnlyForDeploymentPostprocessing = 0;
		};
/* End PBXResourcesBuildPhase section */

/* Begin PBXSourcesBuildPhase section */
		2CDF73FC2795A36900DD200D /* Sources */ = {
			isa = PBXSourcesBuildPhase;
			buildActionMask = 2147483647;
			files = (
				2CDF74182795A77C00DD200D /* ChannelsModel.swift in Sources */,
				2C627AF027B671C0008F0547 /* TimeView.swift in Sources */,
				2C627AF227B67BF5008F0547 /* String + Extension.swift in Sources */,
				2C627AEC27B6717F008F0547 /* ProgramItemView.swift in Sources */,
				2CDF74042795A36900DD200D /* TVChannelsSwiftUICombineApp.swift in Sources */,
				2CDF74152795A76300DD200D /* ChannelsViewModel.swift in Sources */,
				2C404DF22795B40E008E96B3 /* Hosts.swift in Sources */,
				2C2E7B2627970604005FFBBB /* Constants.swift in Sources */,
				2CDF74122795A72B00DD200D /* TVProgramView.swift in Sources */,
				2C627AEE27B671A1008F0547 /* ChannelView.swift in Sources */,
				2C2E7B2827972C8F005FFBBB /* Array + Extension.swift in Sources */,
				2C404DEF2795B3A4008E96B3 /* APIService.swift in Sources */,
				2CDF741C2795A7B900DD200D /* DetailsView.swift in Sources */,
			);
			runOnlyForDeploymentPostprocessing = 0;
		};
/* End PBXSourcesBuildPhase section */

/* Begin XCBuildConfiguration section */
		2CDF740C2795A36B00DD200D /* Debug */ = {
			isa = XCBuildConfiguration;
			buildSettings = {
				ALWAYS_SEARCH_USER_PATHS = NO;
				CLANG_ANALYZER_NONNULL = YES;
				CLANG_ANALYZER_NUMBER_OBJECT_CONVERSION = YES_AGGRESSIVE;
				CLANG_CXX_LANGUAGE_STANDARD = "gnu++17";
				CLANG_CXX_LIBRARY = "libc++";
				CLANG_ENABLE_MODULES = YES;
				CLANG_ENABLE_OBJC_ARC = YES;
				CLANG_ENABLE_OBJC_WEAK = YES;
				CLANG_WARN_BLOCK_CAPTURE_AUTORELEASING = YES;
				CLANG_WARN_BOOL_CONVERSION = YES;
				CLANG_WARN_COMMA = YES;
				CLANG_WARN_CONSTANT_CONVERSION = YES;
				CLANG_WARN_DEPRECATED_OBJC_IMPLEMENTATIONS = YES;
				CLANG_WARN_DIRECT_OBJC_ISA_USAGE = YES_ERROR;
				CLANG_WARN_DOCUMENTATION_COMMENTS = YES;
				CLANG_WARN_EMPTY_BODY = YES;
				CLANG_WARN_ENUM_CONVERSION = YES;
				CLANG_WARN_INFINITE_RECURSION = YES;
				CLANG_WARN_INT_CONVERSION = YES;
				CLANG_WARN_NON_LITERAL_NULL_CONVERSION = YES;
				CLANG_WARN_OBJC_IMPLICIT_RETAIN_SELF = YES;
				CLANG_WARN_OBJC_LITERAL_CONVERSION = YES;
				CLANG_WARN_OBJC_ROOT_CLASS = YES_ERROR;
				CLANG_WARN_QUOTED_INCLUDE_IN_FRAMEWORK_HEADER = YES;
				CLANG_WARN_RANGE_LOOP_ANALYSIS = YES;
				CLANG_WARN_STRICT_PROTOTYPES = YES;
				CLANG_WARN_SUSPICIOUS_MOVE = YES;
				CLANG_WARN_UNGUARDED_AVAILABILITY = YES_AGGRESSIVE;
				CLANG_WARN_UNREACHABLE_CODE = YES;
				CLANG_WARN__DUPLICATE_METHOD_MATCH = YES;
				COPY_PHASE_STRIP = NO;
				DEBUG_INFORMATION_FORMAT = dwarf;
				ENABLE_STRICT_OBJC_MSGSEND = YES;
				ENABLE_TESTABILITY = YES;
				GCC_C_LANGUAGE_STANDARD = gnu11;
				GCC_DYNAMIC_NO_PIC = NO;
				GCC_NO_COMMON_BLOCKS = YES;
				GCC_OPTIMIZATION_LEVEL = 0;
				GCC_PREPROCESSOR_DEFINITIONS = (
					"DEBUG=1",
					"$(inherited)",
				);
				GCC_WARN_64_TO_32_BIT_CONVERSION = YES;
				GCC_WARN_ABOUT_RETURN_TYPE = YES_ERROR;
				GCC_WARN_UNDECLARED_SELECTOR = YES;
				GCC_WARN_UNINITIALIZED_AUTOS = YES_AGGRESSIVE;
				GCC_WARN_UNUSED_FUNCTION = YES;
				GCC_WARN_UNUSED_VARIABLE = YES;
				IPHONEOS_DEPLOYMENT_TARGET = 15.0;
				MTL_ENABLE_DEBUG_INFO = INCLUDE_SOURCE;
				MTL_FAST_MATH = YES;
				ONLY_ACTIVE_ARCH = YES;
				SDKROOT = iphoneos;
				SWIFT_ACTIVE_COMPILATION_CONDITIONS = DEBUG;
				SWIFT_OPTIMIZATION_LEVEL = "-Onone";
			};
			name = Debug;
		};
		2CDF740D2795A36B00DD200D /* Release */ = {
			isa = XCBuildConfiguration;
			buildSettings = {
				ALWAYS_SEARCH_USER_PATHS = NO;
				CLANG_ANALYZER_NONNULL = YES;
				CLANG_ANALYZER_NUMBER_OBJECT_CONVERSION = YES_AGGRESSIVE;
				CLANG_CXX_LANGUAGE_STANDARD = "gnu++17";
				CLANG_CXX_LIBRARY = "libc++";
				CLANG_ENABLE_MODULES = YES;
				CLANG_ENABLE_OBJC_ARC = YES;
				CLANG_ENABLE_OBJC_WEAK = YES;
				CLANG_WARN_BLOCK_CAPTURE_AUTORELEASING = YES;
				CLANG_WARN_BOOL_CONVERSION = YES;
				CLANG_WARN_COMMA = YES;
				CLANG_WARN_CONSTANT_CONVERSION = YES;
				CLANG_WARN_DEPRECATED_OBJC_IMPLEMENTATIONS = YES;
				CLANG_WARN_DIRECT_OBJC_ISA_USAGE = YES_ERROR;
				CLANG_WARN_DOCUMENTATION_COMMENTS = YES;
				CLANG_WARN_EMPTY_BODY = YES;
				CLANG_WARN_ENUM_CONVERSION = YES;
				CLANG_WARN_INFINITE_RECURSION = YES;
				CLANG_WARN_INT_CONVERSION = YES;
				CLANG_WARN_NON_LITERAL_NULL_CONVERSION = YES;
				CLANG_WARN_OBJC_IMPLICIT_RETAIN_SELF = YES;
				CLANG_WARN_OBJC_LITERAL_CONVERSION = YES;
				CLANG_WARN_OBJC_ROOT_CLASS = YES_ERROR;
				CLANG_WARN_QUOTED_INCLUDE_IN_FRAMEWORK_HEADER = YES;
				CLANG_WARN_RANGE_LOOP_ANALYSIS = YES;
				CLANG_WARN_STRICT_PROTOTYPES = YES;
				CLANG_WARN_SUSPICIOUS_MOVE = YES;
				CLANG_WARN_UNGUARDED_AVAILABILITY = YES_AGGRESSIVE;
				CLANG_WARN_UNREACHABLE_CODE = YES;
				CLANG_WARN__DUPLICATE_METHOD_MATCH = YES;
				COPY_PHASE_STRIP = NO;
				DEBUG_INFORMATION_FORMAT = "dwarf-with-dsym";
				ENABLE_NS_ASSERTIONS = NO;
				ENABLE_STRICT_OBJC_MSGSEND = YES;
				GCC_C_LANGUAGE_STANDARD = gnu11;
				GCC_NO_COMMON_BLOCKS = YES;
				GCC_WARN_64_TO_32_BIT_CONVERSION = YES;
				GCC_WARN_ABOUT_RETURN_TYPE = YES_ERROR;
				GCC_WARN_UNDECLARED_SELECTOR = YES;
				GCC_WARN_UNINITIALIZED_AUTOS = YES_AGGRESSIVE;
				GCC_WARN_UNUSED_FUNCTION = YES;
				GCC_WARN_UNUSED_VARIABLE = YES;
				IPHONEOS_DEPLOYMENT_TARGET = 15.0;
				MTL_ENABLE_DEBUG_INFO = NO;
				MTL_FAST_MATH = YES;
				SDKROOT = iphoneos;
				SWIFT_COMPILATION_MODE = wholemodule;
				SWIFT_OPTIMIZATION_LEVEL = "-O";
				VALIDATE_PRODUCT = YES;
			};
			name = Release;
		};
		2CDF740F2795A36B00DD200D /* Debug */ = {
			isa = XCBuildConfiguration;
			buildSettings = {
				ASSETCATALOG_COMPILER_APPICON_NAME = AppIcon;
				ASSETCATALOG_COMPILER_GLOBAL_ACCENT_COLOR_NAME = AccentColor;
				CODE_SIGN_STYLE = Automatic;
				CURRENT_PROJECT_VERSION = 1;
				DEVELOPMENT_ASSET_PATHS = "\"TVChannelsSwiftUICombine/Preview Content\"";
				DEVELOPMENT_TEAM = S6JU7Q27J7;
				ENABLE_PREVIEWS = YES;
				GENERATE_INFOPLIST_FILE = YES;
				INFOPLIST_KEY_UIApplicationSceneManifest_Generation = YES;
				INFOPLIST_KEY_UIApplicationSupportsIndirectInputEvents = YES;
				INFOPLIST_KEY_UILaunchScreen_Generation = YES;
				INFOPLIST_KEY_UISupportedInterfaceOrientations_iPad = "UIInterfaceOrientationPortrait UIInterfaceOrientationPortraitUpsideDown UIInterfaceOrientationLandscapeLeft UIInterfaceOrientationLandscapeRight";
				INFOPLIST_KEY_UISupportedInterfaceOrientations_iPhone = "UIInterfaceOrientationPortrait UIInterfaceOrientationLandscapeLeft UIInterfaceOrientationLandscapeRight";
				LD_RUNPATH_SEARCH_PATHS = (
					"$(inherited)",
					"@executable_path/Frameworks",
				);
				MARKETING_VERSION = 1.0;
				PRODUCT_BUNDLE_IDENTIFIER = Home.TVChannelsSwiftUICombine;
				PRODUCT_NAME = "$(TARGET_NAME)";
				SWIFT_EMIT_LOC_STRINGS = YES;
				SWIFT_VERSION = 5.0;
				TARGETED_DEVICE_FAMILY = "1,2";
			};
			name = Debug;
		};
		2CDF74102795A36B00DD200D /* Release */ = {
			isa = XCBuildConfiguration;
			buildSettings = {
				ASSETCATALOG_COMPILER_APPICON_NAME = AppIcon;
				ASSETCATALOG_COMPILER_GLOBAL_ACCENT_COLOR_NAME = AccentColor;
				CODE_SIGN_STYLE = Automatic;
				CURRENT_PROJECT_VERSION = 1;
				DEVELOPMENT_ASSET_PATHS = "\"TVChannelsSwiftUICombine/Preview Content\"";
				DEVELOPMENT_TEAM = S6JU7Q27J7;
				ENABLE_PREVIEWS = YES;
				GENERATE_INFOPLIST_FILE = YES;
				INFOPLIST_KEY_UIApplicationSceneManifest_Generation = YES;
				INFOPLIST_KEY_UIApplicationSupportsIndirectInputEvents = YES;
				INFOPLIST_KEY_UILaunchScreen_Generation = YES;
				INFOPLIST_KEY_UISupportedInterfaceOrientations_iPad = "UIInterfaceOrientationPortrait UIInterfaceOrientationPortraitUpsideDown UIInterfaceOrientationLandscapeLeft UIInterfaceOrientationLandscapeRight";
				INFOPLIST_KEY_UISupportedInterfaceOrientations_iPhone = "UIInterfaceOrientationPortrait UIInterfaceOrientationLandscapeLeft UIInterfaceOrientationLandscapeRight";
				LD_RUNPATH_SEARCH_PATHS = (
					"$(inherited)",
					"@executable_path/Frameworks",
				);
				MARKETING_VERSION = 1.0;
				PRODUCT_BUNDLE_IDENTIFIER = Home.TVChannelsSwiftUICombine;
				PRODUCT_NAME = "$(TARGET_NAME)";
				SWIFT_EMIT_LOC_STRINGS = YES;
				SWIFT_VERSION = 5.0;
				TARGETED_DEVICE_FAMILY = "1,2";
			};
			name = Release;
		};
/* End XCBuildConfiguration section */

/* Begin XCConfigurationList section */
		2CDF73FB2795A36900DD200D /* Build configuration list for PBXProject "TVChannelsSwiftUICombine" */ = {
			isa = XCConfigurationList;
			buildConfigurations = (
				2CDF740C2795A36B00DD200D /* Debug */,
				2CDF740D2795A36B00DD200D /* Release */,
			);
			defaultConfigurationIsVisible = 0;
			defaultConfigurationName = Release;
		};
		2CDF740E2795A36B00DD200D /* Build configuration list for PBXNativeTarget "TVChannelsSwiftUICombine" */ = {
			isa = XCConfigurationList;
			buildConfigurations = (
				2CDF740F2795A36B00DD200D /* Debug */,
				2CDF74102795A36B00DD200D /* Release */,
			);
			defaultConfigurationIsVisible = 0;
			defaultConfigurationName = Release;
		};
/* End XCConfigurationList section */

/* Begin XCRemoteSwiftPackageReference section */
		2C404DE82795B2B1008E96B3 /* XCRemoteSwiftPackageReference "SwiftyJSON" */ = {
			isa = XCRemoteSwiftPackageReference;
			repositoryURL = "https://github.com/SwiftyJSON/SwiftyJSON.git";
			requirement = {
				branch = master;
				kind = branch;
			};
		};
		2C404DEB2795B2B7008E96B3 /* XCRemoteSwiftPackageReference "Alamofire" */ = {
			isa = XCRemoteSwiftPackageReference;
			repositoryURL = "https://github.com/Alamofire/Alamofire.git";
			requirement = {
				branch = master;
				kind = branch;
			};
		};
/* End XCRemoteSwiftPackageReference section */

/* Begin XCSwiftPackageProductDependency section */
		2C404DE92795B2B1008E96B3 /* SwiftyJSON */ = {
			isa = XCSwiftPackageProductDependency;
			package = 2C404DE82795B2B1008E96B3 /* XCRemoteSwiftPackageReference "SwiftyJSON" */;
			productName = SwiftyJSON;
		};
		2C404DEC2795B2B7008E96B3 /* Alamofire */ = {
			isa = XCSwiftPackageProductDependency;
			package = 2C404DEB2795B2B7008E96B3 /* XCRemoteSwiftPackageReference "Alamofire" */;
			productName = Alamofire;
		};
/* End XCSwiftPackageProductDependency section */
	};
	rootObject = 2CDF73F82795A36900DD200D /* Project object */;
}
